// !$*UTF8*$!
{
	archiveVersion = 1;
	classes = {
	};
	objectVersion = 77;
	objects = {

/* Begin PBXBuildFile section */
		A10000000000000000000003 /* CreatureAuditTests.swift in Sources */ = {isa = PBXBuildFile; fileRef = A10000000000000000000002 /* CreatureAuditTests.swift */; };
		B20000000000000000000001 /* BattleEngineTests.swift in Sources */ = {isa = PBXBuildFile; fileRef = B20000000000000000000002 /* BattleEngineTests.swift */; };
		B20000000000000000000003 /* TimingEvaluatorTests.swift in Sources */ = {isa = PBXBuildFile; fileRef = B20000000000000000000004 /* TimingEvaluatorTests.swift */; };
		B20000000000000000000005 /* SimpleBattleAITests.swift in Sources */ = {isa = PBXBuildFile; fileRef = B20000000000000000000006 /* SimpleBattleAITests.swift */; };
		B20000000000000000000007 /* BattleViewModelTests.swift in Sources */ = {isa = PBXBuildFile; fileRef = B20000000000000000000008 /* BattleViewModelTests.swift */; };
		C30000000000000000000001 /* PhotoPedalStabilizationTests.swift in Sources */ = {isa = PBXBuildFile; fileRef = C30000000000000000000002 /* PhotoPedalStabilizationTests.swift */; };
		C30000000000000000000003 /* NavigationGalleryTests.swift in Sources */ = {isa = PBXBuildFile; fileRef = C30000000000000000000004 /* NavigationGalleryTests.swift */; };
		C30000000000000000000005 /* ProgressivePedalMetadataTests.swift in Sources */ = {isa = PBXBuildFile; fileRef = C30000000000000000000006 /* ProgressivePedalMetadataTests.swift */; };
		C30000000000000000000007 /* LibraryProjectionTests.swift in Sources */ = {isa = PBXBuildFile; fileRef = C30000000000000000000008 /* LibraryProjectionTests.swift */; };
		D40000000000000000000001 /* ThumbnailLoaderTests.swift in Sources */ = {isa = PBXBuildFile; fileRef = D40000000000000000000002 /* ThumbnailLoaderTests.swift */; };
		E50000000000000000000001 /* LibraryDebugFixturesTests.swift in Sources */ = {isa = PBXBuildFile; fileRef = E50000000000000000000002 /* LibraryDebugFixturesTests.swift */; };
		F60000000000000000000001 /* PedalboardDomainTests.swift in Sources */ = {isa = PBXBuildFile; fileRef = F60000000000000000000002 /* PedalboardDomainTests.swift */; };
		F60000000000000000000003 /* PedalboardStoreTests.swift in Sources */ = {isa = PBXBuildFile; fileRef = F60000000000000000000004 /* PedalboardStoreTests.swift */; };
		G70000000000000000000001 /* PedalboardPlaybackCoordinatorTests.swift in Sources */ = {isa = PBXBuildFile; fileRef = G70000000000000000000002 /* PedalboardPlaybackCoordinatorTests.swift */; };
		H80000000000000000000001 /* PedalboardsViewModelTests.swift in Sources */ = {isa = PBXBuildFile; fileRef = H80000000000000000000002 /* PedalboardsViewModelTests.swift */; };
/* End PBXBuildFile section */

/* Begin PBXContainerItemProxy section */
		A10000000000000000000008 /* PBXContainerItemProxy */ = {
			isa = PBXContainerItemProxy;
			containerPortal = 9F985DC73006B61B00C50612 /* Project object */;
			proxyType = 1;
			remoteGlobalIDString = 9F985DCE3006B61B00C50612;
			remoteInfo = "snap-battle";
		};
/* End PBXContainerItemProxy section */

/* Begin PBXFileReference section */
		9F985DCF3006B61B00C50612 /* snap-battle.app */ = {isa = PBXFileReference; explicitFileType = wrapper.application; includeInIndex = 0; path = "snap-battle.app"; sourceTree = BUILT_PRODUCTS_DIR; };
		9F985F373006BCA500C50612 /* snap-battleTests.xctest */ = {isa = PBXFileReference; explicitFileType = wrapper.cfbundle; includeInIndex = 0; path = "snap-battleTests.xctest"; sourceTree = BUILT_PRODUCTS_DIR; };
		A10000000000000000000002 /* CreatureAuditTests.swift */ = {isa = PBXFileReference; lastKnownFileType = sourcecode.swift; path = CreatureAuditTests.swift; sourceTree = "<group>"; };
		B20000000000000000000002 /* BattleEngineTests.swift */ = {isa = PBXFileReference; lastKnownFileType = sourcecode.swift; path = BattleEngineTests.swift; sourceTree = "<group>"; };
		B20000000000000000000004 /* TimingEvaluatorTests.swift */ = {isa = PBXFileReference; lastKnownFileType = sourcecode.swift; path = TimingEvaluatorTests.swift; sourceTree = "<group>"; };
		B20000000000000000000006 /* SimpleBattleAITests.swift */ = {isa = PBXFileReference; lastKnownFileType = sourcecode.swift; path = SimpleBattleAITests.swift; sourceTree = "<group>"; };
		B20000000000000000000008 /* BattleViewModelTests.swift */ = {isa = PBXFileReference; lastKnownFileType = sourcecode.swift; path = BattleViewModelTests.swift; sourceTree = "<group>"; };
		C30000000000000000000002 /* PhotoPedalStabilizationTests.swift */ = {isa = PBXFileReference; lastKnownFileType = sourcecode.swift; path = PhotoPedalStabilizationTests.swift; sourceTree = "<group>"; };
		C30000000000000000000004 /* NavigationGalleryTests.swift */ = {isa = PBXFileReference; lastKnownFileType = sourcecode.swift; path = NavigationGalleryTests.swift; sourceTree = "<group>"; };
		C30000000000000000000006 /* ProgressivePedalMetadataTests.swift */ = {isa = PBXFileReference; lastKnownFileType = sourcecode.swift; path = ProgressivePedalMetadataTests.swift; sourceTree = "<group>"; };
		C30000000000000000000008 /* LibraryProjectionTests.swift */ = {isa = PBXFileReference; lastKnownFileType = sourcecode.swift; path = LibraryProjectionTests.swift; sourceTree = "<group>"; };
		D40000000000000000000002 /* ThumbnailLoaderTests.swift */ = {isa = PBXFileReference; lastKnownFileType = sourcecode.swift; path = ThumbnailLoaderTests.swift; sourceTree = "<group>"; };
		E50000000000000000000002 /* LibraryDebugFixturesTests.swift */ = {isa = PBXFileReference; lastKnownFileType = sourcecode.swift; path = LibraryDebugFixturesTests.swift; sourceTree = "<group>"; };
		F60000000000000000000002 /* PedalboardDomainTests.swift */ = {isa = PBXFileReference; lastKnownFileType = sourcecode.swift; path = PedalboardDomainTests.swift; sourceTree = "<group>"; };
		F60000000000000000000004 /* PedalboardStoreTests.swift */ = {isa = PBXFileReference; lastKnownFileType = sourcecode.swift; path = PedalboardStoreTests.swift; sourceTree = "<group>"; };
		G70000000000000000000002 /* PedalboardPlaybackCoordinatorTests.swift */ = {isa = PBXFileReference; lastKnownFileType = sourcecode.swift; path = PedalboardPlaybackCoordinatorTests.swift; sourceTree = "<group>"; };
		H80000000000000000000002 /* PedalboardsViewModelTests.swift */ = {isa = PBXFileReference; lastKnownFileType = sourcecode.swift; path = PedalboardsViewModelTests.swift; sourceTree = "<group>"; };
/* End PBXFileReference section */

/* Begin PBXFileSystemSynchronizedRootGroup section */
		9F985DD13006B61B00C50612 /* snap-battle */ = {
			isa = PBXFileSystemSynchronizedRootGroup;
			path = "snap-battle";
			sourceTree = "<group>";
		};
/* End PBXFileSystemSynchronizedRootGroup section */

/* Begin PBXFrameworksBuildPhase section */
		9F985DCC3006B61B00C50612 /* Frameworks */ = {
			isa = PBXFrameworksBuildPhase;
			buildActionMask = 2147483647;
			files = (
			);
			runOnlyForDeploymentPostprocessing = 0;
		};
		A10000000000000000000005 /* Frameworks */ = {
			isa = PBXFrameworksBuildPhase;
			buildActionMask = 2147483647;
			files = (
			);
			runOnlyForDeploymentPostprocessing = 0;
		};
/* End PBXFrameworksBuildPhase section */

/* Begin PBXGroup section */
		9F985DC63006B61B00C50612 = {
			isa = PBXGroup;
			children = (
				9F985DD13006B61B00C50612 /* snap-battle */,
				A10000000000000000000004 /* snap-battleTests */,
				9F985DD03006B61B00C50612 /* Products */,
			);
			sourceTree = "<group>";
		};
		9F985DD03006B61B00C50612 /* Products */ = {
			isa = PBXGroup;
			children = (
				9F985DCF3006B61B00C50612 /* snap-battle.app */,
				9F985F373006BCA500C50612 /* snap-battleTests.xctest */,
			);
			name = Products;
			sourceTree = "<group>";
		};
		A10000000000000000000004 /* snap-battleTests */ = {
			isa = PBXGroup;
			children = (
				A10000000000000000000002 /* CreatureAuditTests.swift */,
				B20000000000000000000002 /* BattleEngineTests.swift */,
				B20000000000000000000004 /* TimingEvaluatorTests.swift */,
				B20000000000000000000006 /* SimpleBattleAITests.swift */,
				B20000000000000000000008 /* BattleViewModelTests.swift */,
				C30000000000000000000002 /* PhotoPedalStabilizationTests.swift */,
				C30000000000000000000006 /* ProgressivePedalMetadataTests.swift */,
				C30000000000000000000004 /* NavigationGalleryTests.swift */,
				C30000000000000000000008 /* LibraryProjectionTests.swift */,
				D40000000000000000000002 /* ThumbnailLoaderTests.swift */,
				E50000000000000000000002 /* LibraryDebugFixturesTests.swift */,
				F60000000000000000000002 /* PedalboardDomainTests.swift */,
				F60000000000000000000004 /* PedalboardStoreTests.swift */,
				G70000000000000000000002 /* PedalboardPlaybackCoordinatorTests.swift */,
				H80000000000000000000002 /* PedalboardsViewModelTests.swift */,
			);
			path = "snap-battleTests";
			sourceTree = "<group>";
		};
/* End PBXGroup section */

/* Begin PBXNativeTarget section */
		9F985DCE3006B61B00C50612 /* snap-battle */ = {
			isa = PBXNativeTarget;
			buildConfigurationList = 9F985DDC3006B61C00C50612 /* Build configuration list for PBXNativeTarget "snap-battle" */;
			buildPhases = (
				9F985DCB3006B61B00C50612 /* Sources */,
				9F985DCC3006B61B00C50612 /* Frameworks */,
				9F985DCD3006B61B00C50612 /* Resources */,
			);
			buildRules = (
			);
			dependencies = (
			);
			fileSystemSynchronizedGroups = (
				9F985DD13006B61B00C50612 /* snap-battle */,
			);
			name = "snap-battle";
			packageProductDependencies = (
			);
			productName = "snap-battle";
			productReference = 9F985DCF3006B61B00C50612 /* snap-battle.app */;
			productType = "com.apple.product-type.application";
		};
		A10000000000000000000007 /* snap-battleTests */ = {
			isa = PBXNativeTarget;
			buildConfigurationList = A1000000000000000000000A /* Build configuration list for PBXNativeTarget "snap-battleTests" */;
			buildPhases = (
				A10000000000000000000006 /* Sources */,
				A10000000000000000000005 /* Frameworks */,
			);
			buildRules = (
			);
			dependencies = (
				A10000000000000000000009 /* PBXTargetDependency */,
			);
			name = "snap-battleTests";
			productName = "snap-battleTests";
			productReference = 9F985F373006BCA500C50612 /* snap-battleTests.xctest */;
			productType = "com.apple.product-type.bundle.unit-test";
		};
/* End PBXNativeTarget section */

/* Begin PBXProject section */
		9F985DC73006B61B00C50612 /* Project object */ = {
			isa = PBXProject;
			attributes = {
				BuildIndependentTargetsInParallel = 1;
				LastSwiftUpdateCheck = 2650;
				LastUpgradeCheck = 2650;
				TargetAttributes = {
					9F985DCE3006B61B00C50612 = {
						CreatedOnToolsVersion = 26.5;
					};
				};
			};
			buildConfigurationList = 9F985DCA3006B61B00C50612 /* Build configuration list for PBXProject "snap-battle" */;
			developmentRegion = en;
			hasScannedForEncodings = 0;
			knownRegions = (
				en,
				Base,
			);
			mainGroup = 9F985DC63006B61B00C50612;
			minimizedProjectReferenceProxies = 1;
			preferredProjectObjectVersion = 77;
			productRefGroup = 9F985DD03006B61B00C50612 /* Products */;
			projectDirPath = "";
			projectRoot = "";
			targets = (
				9F985DCE3006B61B00C50612 /* snap-battle */,
				A10000000000000000000007 /* snap-battleTests */,
			);
		};
/* End PBXProject section */

/* Begin PBXResourcesBuildPhase section */
		9F985DCD3006B61B00C50612 /* Resources */ = {
			isa = PBXResourcesBuildPhase;
			buildActionMask = 2147483647;
			files = (
			);
			runOnlyForDeploymentPostprocessing = 0;
		};
/* End PBXResourcesBuildPhase section */

/* Begin PBXSourcesBuildPhase section */
		9F985DCB3006B61B00C50612 /* Sources */ = {
			isa = PBXSourcesBuildPhase;
			buildActionMask = 2147483647;
			files = (
			);
			runOnlyForDeploymentPostprocessing = 0;
		};
		A10000000000000000000006 /* Sources */ = {
			isa = PBXSourcesBuildPhase;
			buildActionMask = 2147483647;
			files = (
				A10000000000000000000003 /* CreatureAuditTests.swift in Sources */,
				B20000000000000000000001 /* BattleEngineTests.swift in Sources */,
				B20000000000000000000003 /* TimingEvaluatorTests.swift in Sources */,
				B20000000000000000000005 /* SimpleBattleAITests.swift in Sources */,
				B20000000000000000000007 /* BattleViewModelTests.swift in Sources */,
				C30000000000000000000001 /* PhotoPedalStabilizationTests.swift in Sources */,
				C30000000000000000000003 /* NavigationGalleryTests.swift in Sources */,
				C30000000000000000000005 /* ProgressivePedalMetadataTests.swift in Sources */,
				C30000000000000000000007 /* LibraryProjectionTests.swift in Sources */,
				D40000000000000000000001 /* ThumbnailLoaderTests.swift in Sources */,
				E50000000000000000000001 /* LibraryDebugFixturesTests.swift in Sources */,
				F60000000000000000000001 /* PedalboardDomainTests.swift in Sources */,
				F60000000000000000000003 /* PedalboardStoreTests.swift in Sources */,
				G70000000000000000000001 /* PedalboardPlaybackCoordinatorTests.swift in Sources */,
				H80000000000000000000001 /* PedalboardsViewModelTests.swift in Sources */,
			);
			runOnlyForDeploymentPostprocessing = 0;
		};
/* End PBXSourcesBuildPhase section */

/* Begin PBXTargetDependency section */
		A10000000000000000000009 /* PBXTargetDependency */ = {
			isa = PBXTargetDependency;
			target = 9F985DCE3006B61B00C50612 /* snap-battle */;
			targetProxy = A10000000000000000000008 /* PBXContainerItemProxy */;
		};
/* End PBXTargetDependency section */

/* Begin XCBuildConfiguration section */
		9F985DDA3006B61C00C50612 /* Debug */ = {
			isa = XCBuildConfiguration;
			buildSettings = {
				ALWAYS_SEARCH_USER_PATHS = NO;
				ASSETCATALOG_COMPILER_GENERATE_SWIFT_ASSET_SYMBOL_EXTENSIONS = YES;
				CLANG_ANALYZER_NONNULL = YES;
				CLANG_ANALYZER_NUMBER_OBJECT_CONVERSION = YES_AGGRESSIVE;
				CLANG_CXX_LANGUAGE_STANDARD = "gnu++20";
				CLANG_ENABLE_MODULES = YES;
				CLANG_ENABLE_OBJC_ARC = YES;
				CLANG_ENABLE_OBJC_WEAK = YES;
				CLANG_WARN_BLOCK_CAPTURE_AUTORELEASING = YES;
				CLANG_WARN_BOOL_CONVERSION = YES;
				CLANG_WARN_COMMA = YES;
				CLANG_WARN_CONSTANT_CONVERSION = YES;
				CLANG_WARN_DEPRECATED_OBJC_IMPLEMENTATIONS = YES;
				CLANG_WARN_DIRECT_OBJC_ISA_USAGE = YES_ERROR;
				CLANG_WARN_DOCUMENTATION_COMMENTS = YES;
				CLANG_WARN_EMPTY_BODY = YES;
				CLANG_WARN_ENUM_CONVERSION = YES;
				CLANG_WARN_INFINITE_RECURSION = YES;
				CLANG_WARN_INT_CONVERSION = YES;
				CLANG_WARN_NON_LITERAL_NULL_CONVERSION = YES;
				CLANG_WARN_OBJC_IMPLICIT_RETAIN_SELF = YES;
				CLANG_WARN_OBJC_LITERAL_CONVERSION = YES;
				CLANG_WARN_OBJC_ROOT_CLASS = YES_ERROR;
				CLANG_WARN_QUOTED_INCLUDE_IN_FRAMEWORK_HEADER = YES;
				CLANG_WARN_RANGE_LOOP_ANALYSIS = YES;
				CLANG_WARN_STRICT_PROTOTYPES = YES;
				CLANG_WARN_SUSPICIOUS_MOVE = YES;
				CLANG_WARN_UNGUARDED_AVAILABILITY = YES_AGGRESSIVE;
				CLANG_WARN_UNREACHABLE_CODE = YES;
				CLANG_WARN__DUPLICATE_METHOD_MATCH = YES;
				COPY_PHASE_STRIP = NO;
				DEBUG_INFORMATION_FORMAT = dwarf;
				DEVELOPMENT_TEAM = 3YFDTC5X3L;
				ENABLE_STRICT_OBJC_MSGSEND = YES;
				ENABLE_TESTABILITY = YES;
				ENABLE_USER_SCRIPT_SANDBOXING = YES;
				GCC_C_LANGUAGE_STANDARD = gnu17;
				GCC_DYNAMIC_NO_PIC = NO;
				GCC_NO_COMMON_BLOCKS = YES;
				GCC_OPTIMIZATION_LEVEL = 0;
				GCC_PREPROCESSOR_DEFINITIONS = (
					"DEBUG=1",
					"$(inherited)",
				);
				GCC_WARN_64_TO_32_BIT_CONVERSION = YES;
				GCC_WARN_ABOUT_RETURN_TYPE = YES_ERROR;
				GCC_WARN_UNDECLARED_SELECTOR = YES;
				GCC_WARN_UNINITIALIZED_AUTOS = YES_AGGRESSIVE;
				GCC_WARN_UNUSED_FUNCTION = YES;
				GCC_WARN_UNUSED_VARIABLE = YES;
				IPHONEOS_DEPLOYMENT_TARGET = 26.5;
				LOCALIZATION_PREFERS_STRING_CATALOGS = YES;
				MTL_ENABLE_DEBUG_INFO = INCLUDE_SOURCE;
				MTL_FAST_MATH = YES;
				ONLY_ACTIVE_ARCH = YES;
				SDKROOT = iphoneos;
				SWIFT_ACTIVE_COMPILATION_CONDITIONS = "DEBUG $(inherited)";
				SWIFT_OPTIMIZATION_LEVEL = "-Onone";
			};
			name = Debug;
		};
		9F985DDB3006B61C00C50612 /* Release */ = {
			isa = XCBuildConfiguration;
			buildSettings = {
				ALWAYS_SEARCH_USER_PATHS = NO;
				ASSETCATALOG_COMPILER_GENERATE_SWIFT_ASSET_SYMBOL_EXTENSIONS = YES;
				CLANG_ANALYZER_NONNULL = YES;
				CLANG_ANALYZER_NUMBER_OBJECT_CONVERSION = YES_AGGRESSIVE;
				CLANG_CXX_LANGUAGE_STANDARD = "gnu++20";
				CLANG_ENABLE_MODULES = YES;
				CLANG_ENABLE_OBJC_ARC = YES;
				CLANG_ENABLE_OBJC_WEAK = YES;
				CLANG_WARN_BLOCK_CAPTURE_AUTORELEASING = YES;
				CLANG_WARN_BOOL_CONVERSION = YES;
				CLANG_WARN_COMMA = YES;
				CLANG_WARN_CONSTANT_CONVERSION = YES;
				CLANG_WARN_DEPRECATED_OBJC_IMPLEMENTATIONS = YES;
				CLANG_WARN_DIRECT_OBJC_ISA_USAGE = YES_ERROR;
				CLANG_WARN_DOCUMENTATION_COMMENTS = YES;
				CLANG_WARN_EMPTY_BODY = YES;
				CLANG_WARN_ENUM_CONVERSION = YES;
				CLANG_WARN_INFINITE_RECURSION = YES;
				CLANG_WARN_INT_CONVERSION = YES;
				CLANG_WARN_NON_LITERAL_NULL_CONVERSION = YES;
				CLANG_WARN_OBJC_IMPLICIT_RETAIN_SELF = YES;
				CLANG_WARN_OBJC_LITERAL_CONVERSION = YES;
				CLANG_WARN_OBJC_ROOT_CLASS = YES_ERROR;
				CLANG_WARN_QUOTED_INCLUDE_IN_FRAMEWORK_HEADER = YES;
				CLANG_WARN_RANGE_LOOP_ANALYSIS = YES;
				CLANG_WARN_STRICT_PROTOTYPES = YES;
				CLANG_WARN_SUSPICIOUS_MOVE = YES;
				CLANG_WARN_UNGUARDED_AVAILABILITY = YES_AGGRESSIVE;
				CLANG_WARN_UNREACHABLE_CODE = YES;
				CLANG_WARN__DUPLICATE_METHOD_MATCH = YES;
				COPY_PHASE_STRIP = NO;
				DEBUG_INFORMATION_FORMAT = "dwarf-with-dsym";
				DEVELOPMENT_TEAM = 3YFDTC5X3L;
				ENABLE_NS_ASSERTIONS = NO;
				ENABLE_STRICT_OBJC_MSGSEND = YES;
				ENABLE_USER_SCRIPT_SANDBOXING = YES;
				GCC_C_LANGUAGE_STANDARD = gnu17;
				GCC_NO_COMMON_BLOCKS = YES;
				GCC_WARN_64_TO_32_BIT_CONVERSION = YES;
				GCC_WARN_ABOUT_RETURN_TYPE = YES_ERROR;
				GCC_WARN_UNDECLARED_SELECTOR = YES;
				GCC_WARN_UNINITIALIZED_AUTOS = YES_AGGRESSIVE;
				GCC_WARN_UNUSED_FUNCTION = YES;
				GCC_WARN_UNUSED_VARIABLE = YES;
				IPHONEOS_DEPLOYMENT_TARGET = 26.5;
				LOCALIZATION_PREFERS_STRING_CATALOGS = YES;
				MTL_ENABLE_DEBUG_INFO = NO;
				MTL_FAST_MATH = YES;
				SDKROOT = iphoneos;
				SWIFT_COMPILATION_MODE = wholemodule;
				VALIDATE_PRODUCT = YES;
			};
			name = Release;
		};
		9F985DDD3006B61C00C50612 /* Debug */ = {
			isa = XCBuildConfiguration;
			buildSettings = {
				ASSETCATALOG_COMPILER_APPICON_NAME = AppIcon;
				ASSETCATALOG_COMPILER_GLOBAL_ACCENT_COLOR_NAME = AccentColor;
				CODE_SIGN_STYLE = Automatic;
				CURRENT_PROJECT_VERSION = 1;
				DEVELOPMENT_TEAM = 3YFDTC5X3L;
				ENABLE_PREVIEWS = YES;
				GENERATE_INFOPLIST_FILE = YES;
				INFOPLIST_KEY_NSCameraUsageDescription = "Use the camera to create a Photo Pedal from a photo.";
				INFOPLIST_KEY_UIApplicationSceneManifest_Generation = YES;
				INFOPLIST_KEY_UIApplicationSupportsIndirectInputEvents = YES;
				INFOPLIST_KEY_UILaunchScreen_Generation = YES;
				INFOPLIST_KEY_UISupportedInterfaceOrientations = UIInterfaceOrientationPortrait;
				INFOPLIST_KEY_UISupportedInterfaceOrientations_iPad = "UIInterfaceOrientationLandscapeLeft UIInterfaceOrientationLandscapeRight UIInterfaceOrientationPortrait UIInterfaceOrientationPortraitUpsideDown";
				LD_RUNPATH_SEARCH_PATHS = (
					"$(inherited)",
					"@executable_path/Frameworks",
				);
				MARKETING_VERSION = 1.0;
				PRODUCT_BUNDLE_IDENTIFIER = "PedroKosciuk.snap-battle";
				PRODUCT_NAME = "$(TARGET_NAME)";
				STRING_CATALOG_GENERATE_SYMBOLS = YES;
				SUPPORTED_PLATFORMS = "iphoneos iphonesimulator";
				SUPPORTS_MACCATALYST = NO;
				SUPPORTS_MAC_DESIGNED_FOR_IPHONE_IPAD = NO;
				SUPPORTS_XR_DESIGNED_FOR_IPHONE_IPAD = NO;
				SWIFT_APPROACHABLE_CONCURRENCY = YES;
				SWIFT_DEFAULT_ACTOR_ISOLATION = MainActor;
				SWIFT_EMIT_LOC_STRINGS = YES;
				SWIFT_UPCOMING_FEATURE_MEMBER_IMPORT_VISIBILITY = YES;
				SWIFT_VERSION = 5.0;
				TARGETED_DEVICE_FAMILY = 1;
			};
			name = Debug;
		};
		9F985DDE3006B61C00C50612 /* Release */ = {
			isa = XCBuildConfiguration;
			buildSettings = {
				ASSETCATALOG_COMPILER_APPICON_NAME = AppIcon;
				ASSETCATALOG_COMPILER_GLOBAL_ACCENT_COLOR_NAME = AccentColor;
				CODE_SIGN_STYLE = Automatic;
				CURRENT_PROJECT_VERSION = 1;
				DEVELOPMENT_TEAM = 3YFDTC5X3L;
				ENABLE_PREVIEWS = YES;
				GENERATE_INFOPLIST_FILE = YES;
				INFOPLIST_KEY_NSCameraUsageDescription = "Use the camera to create a Photo Pedal from a photo.";
				INFOPLIST_KEY_UIApplicationSceneManifest_Generation = YES;
				INFOPLIST_KEY_UIApplicationSupportsIndirectInputEvents = YES;
				INFOPLIST_KEY_UILaunchScreen_Generation = YES;
				INFOPLIST_KEY_UISupportedInterfaceOrientations = UIInterfaceOrientationPortrait;
				INFOPLIST_KEY_UISupportedInterfaceOrientations_iPad = "UIInterfaceOrientationLandscapeLeft UIInterfaceOrientationLandscapeRight UIInterfaceOrientationPortrait UIInterfaceOrientationPortraitUpsideDown";
				LD_RUNPATH_SEARCH_PATHS = (
					"$(inherited)",
					"@executable_path/Frameworks",
				);
				MARKETING_VERSION = 1.0;
				PRODUCT_BUNDLE_IDENTIFIER = "PedroKosciuk.snap-battle";
				PRODUCT_NAME = "$(TARGET_NAME)";
				STRING_CATALOG_GENERATE_SYMBOLS = YES;
				SUPPORTED_PLATFORMS = "iphoneos iphonesimulator";
				SUPPORTS_MACCATALYST = NO;
				SUPPORTS_MAC_DESIGNED_FOR_IPHONE_IPAD = NO;
				SUPPORTS_XR_DESIGNED_FOR_IPHONE_IPAD = NO;
				SWIFT_APPROACHABLE_CONCURRENCY = YES;
				SWIFT_DEFAULT_ACTOR_ISOLATION = MainActor;
				SWIFT_EMIT_LOC_STRINGS = YES;
				SWIFT_UPCOMING_FEATURE_MEMBER_IMPORT_VISIBILITY = YES;
				SWIFT_VERSION = 5.0;
				TARGETED_DEVICE_FAMILY = 1;
			};
			name = Release;
		};
		A1000000000000000000000B /* Debug */ = {
			isa = XCBuildConfiguration;
			buildSettings = {
				BUNDLE_LOADER = "$(TEST_HOST)";
				CODE_SIGN_STYLE = Automatic;
				DEVELOPMENT_TEAM = 3YFDTC5X3L;
				GENERATE_INFOPLIST_FILE = YES;
				IPHONEOS_DEPLOYMENT_TARGET = 26.5;
				LD_RUNPATH_SEARCH_PATHS = (
					"$(inherited)",
					"@executable_path/Frameworks",
					"@loader_path/Frameworks",
				);
				PRODUCT_BUNDLE_IDENTIFIER = "PedroKosciuk.snap-battleTests";
				PRODUCT_NAME = "$(TARGET_NAME)";
				SDKROOT = iphoneos;
				SWIFT_APPROACHABLE_CONCURRENCY = YES;
				SWIFT_DEFAULT_ACTOR_ISOLATION = MainActor;
				SWIFT_VERSION = 5.0;
				TARGETED_DEVICE_FAMILY = "1,2";
				TEST_HOST = "$(BUILT_PRODUCTS_DIR)/snap-battle.app/snap-battle";
			};
			name = Debug;
		};
		A1000000000000000000000C /* Release */ = {
			isa = XCBuildConfiguration;
			buildSettings = {
				BUNDLE_LOADER = "$(TEST_HOST)";
				CODE_SIGN_STYLE = Automatic;
				DEVELOPMENT_TEAM = 3YFDTC5X3L;
				GENERATE_INFOPLIST_FILE = YES;
				IPHONEOS_DEPLOYMENT_TARGET = 26.5;
				LD_RUNPATH_SEARCH_PATHS = (
					"$(inherited)",
					"@executable_path/Frameworks",
					"@loader_path/Frameworks",
				);
				PRODUCT_BUNDLE_IDENTIFIER = "PedroKosciuk.snap-battleTests";
				PRODUCT_NAME = "$(TARGET_NAME)";
				SDKROOT = iphoneos;
				SWIFT_COMPILATION_MODE = wholemodule;
				SWIFT_DEFAULT_ACTOR_ISOLATION = MainActor;
				SWIFT_VERSION = 5.0;
				TARGETED_DEVICE_FAMILY = "1,2";
				TEST_HOST = "$(BUILT_PRODUCTS_DIR)/snap-battle.app/snap-battle";
			};
			name = Release;
		};
/* End XCBuildConfiguration section */

/* Begin XCConfigurationList section */
		9F985DCA3006B61B00C50612 /* Build configuration list for PBXProject "snap-battle" */ = {
			isa = XCConfigurationList;
			buildConfigurations = (
				9F985DDA3006B61C00C50612 /* Debug */,
				9F985DDB3006B61C00C50612 /* Release */,
			);
			defaultConfigurationIsVisible = 0;
			defaultConfigurationName = Release;
		};
		9F985DDC3006B61C00C50612 /* Build configuration list for PBXNativeTarget "snap-battle" */ = {
			isa = XCConfigurationList;
			buildConfigurations = (
				9F985DDD3006B61C00C50612 /* Debug */,
				9F985DDE3006B61C00C50612 /* Release */,
			);
			defaultConfigurationIsVisible = 0;
			defaultConfigurationName = Release;
		};
		A1000000000000000000000A /* Build configuration list for PBXNativeTarget "snap-battleTests" */ = {
			isa = XCConfigurationList;
			buildConfigurations = (
				A1000000000000000000000B /* Debug */,
				A1000000000000000000000C /* Release */,
			);
			defaultConfigurationIsVisible = 0;
			defaultConfigurationName = Release;
		};
/* End XCConfigurationList section */
	};
	rootObject = 9F985DC73006B61B00C50612 /* Project object */;
}
